<?xml version="1.0" encoding="utf-8"?>
<Project ToolsVersion="4.0" xmlns="http://schemas.microsoft.com/developer/msbuild/2003">
  <ItemGroup>
    <ClCompile Include="..\base_nodes\CCNode.cpp">
      <Filter>base_nodes</Filter>
    </ClCompile>
    <ClCompile Include="..\cocoa\CCAffineTransform.cpp">
      <Filter>cocoa</Filter>
    </ClCompile>
    <ClCompile Include="..\cocoa\CCAutoreleasePool.cpp">
      <Filter>cocoa</Filter>
    </ClCompile>
    <ClCompile Include="..\cocoa\CCGeometry.cpp">
      <Filter>cocoa</Filter>
    </ClCompile>
    <ClCompile Include="..\cocoa\CCObject.cpp">
      <Filter>cocoa</Filter>
    </ClCompile>
    <ClCompile Include="..\cocoa\CCZone.cpp">
      <Filter>cocoa</Filter>
    </ClCompile>
    <ClCompile Include="..\label_nodes\CCLabelTTF.cpp">
      <Filter>label_nodes</Filter>
    </ClCompile>
    <ClCompile Include="..\layers_scenes_transitions_nodes\CCLayer.cpp">
      <Filter>layers_scenes_transitions_nodes</Filter>
    </ClCompile>
    <ClCompile Include="..\layers_scenes_transitions_nodes\CCScene.cpp">
      <Filter>layers_scenes_transitions_nodes</Filter>
    </ClCompile>
    <ClCompile Include="..\menu_nodes\CCMenu.cpp">
      <Filter>menu_nodes</Filter>
    </ClCompile>
    <ClCompile Include="..\menu_nodes\CCMenuItem.cpp">
      <Filter>menu_nodes</Filter>
    </ClCompile>
    <ClCompile Include="..\platform\CCFileUtils.cpp">
      <Filter>platform</Filter>
    </ClCompile>
    <ClCompile Include="..\platform\CCImage.cpp">
      <Filter>platform</Filter>
    </ClCompile>
    <ClCompile Include="..\platform\win32\CCApplication.cpp">
      <Filter>platform\win32</Filter>
    </ClCompile>
    <ClCompile Include="..\platform\win32\CCEGLView.cpp">
      <Filter>platform\win32</Filter>
    </ClCompile>
    <ClCompile Include="..\sprite_nodes\CCSprite.cpp">
      <Filter>sprite_nodes</Filter>
    </ClCompile>
    <ClCompile Include="..\support\CCPointExtension.cpp">
      <Filter>support</Filter>
    </ClCompile>
    <ClCompile Include="..\support\TransformUtils.cpp">
      <Filter>support</Filter>
    </ClCompile>
    <ClCompile Include="..\textures\CCTexture2D.cpp">
      <Filter>textures</Filter>
    </ClCompile>
    <ClCompile Include="..\textures\CCTextureCache.cpp">
      <Filter>textures</Filter>
    </ClCompile>
    <ClCompile Include="..\touch_dispatcher\CCTouchDispatcher.cpp">
      <Filter>touch_dispatcher</Filter>
    </ClCompile>
    <ClCompile Include="..\touch_dispatcher\CCTouchHandler.cpp">
      <Filter>touch_dispatcher</Filter>
    </ClCompile>
    <ClCompile Include="..\CCConfiguration.cpp" />
    <ClCompile Include="..\CCDirector.cpp" />
    <ClCompile Include="..\cocos2d.cpp" />
  </ItemGroup>
  <ItemGroup>
    <ClInclude Include="..\include\CCAffineTransform.h">
      <Filter>include</Filter>
    </ClInclude>
    <ClInclude Include="..\include\CCAutoreleasePool.h">
      <Filter>include</Filter>
    </ClInclude>
    <ClInclude Include="..\include\CCConfig.h">
      <Filter>include</Filter>
    </ClInclude>
    <ClInclude Include="..\include\CCConfiguration.h">
      <Filter>include</Filter>
    </ClInclude>
    <ClInclude Include="..\include\CCDirector.h">
      <Filter>include</Filter>
    </ClInclude>
    <ClInclude Include="..\include\CCGeometry.h">
      <Filter>include</Filter>
    </ClInclude>
    <ClInclude Include="..\include\CCLabelTTF.h">
      <Filter>include</Filter>
    </ClInclude>
    <ClInclude Include="..\include\CCLayer.h">
      <Filter>include</Filter>
    </ClInclude>
    <ClInclude Include="..\include\ccMacros.h">
      <Filter>include</Filter>
    </ClInclude>
    <ClInclude Include="..\include\CCMenu.h">
      <Filter>include</Filter>
    </ClInclude>
    <ClInclude Include="..\include\CCMenuItem.h">
      <Filter>include</Filter>
    </ClInclude>
    <ClInclude Include="..\include\CCMutableArray.h">
      <Filter>include</Filter>
    </ClInclude>
    <ClInclude Include="..\include\CCMutableDictionary.h">
      <Filter>include</Filter>
    </ClInclude>
    <ClInclude Include="..\include\CCNode.h">
      <Filter>include</Filter>
    </ClInclude>
    <ClInclude Include="..\include\CCObject.h">
      <Filter>include</Filter>
    </ClInclude>
    <ClInclude Include="..\include\CCPointExtension.h">
      <Filter>include</Filter>
    </ClInclude>
    <ClInclude Include="..\include\CCScene.h">
      <Filter>include</Filter>
    </ClInclude>
    <ClInclude Include="..\include\CCSprite.h">
      <Filter>include</Filter>
    </ClInclude>
    <ClInclude Include="..\include\CCString.h">
      <Filter>include</Filter>
    </ClInclude>
    <ClInclude Include="..\include\CCTexture2D.h">
      <Filter>include</Filter>
    </ClInclude>
    <ClInclude Include="..\include\CCTextureCache.h">
      <Filter>include</Filter>
    </ClInclude>
    <ClInclude Include="..\include\CCTouch.h">
      <Filter>include</Filter>
    </ClInclude>
    <ClInclude Include="..\include\CCTouchDelegateProtocol.h">
      <Filter>include</Filter>
    </ClInclude>
    <ClInclude Include="..\include\CCTouchDispatcher.h">
      <Filter>include</Filter>
    </ClInclude>
    <ClInclude Include="..\include\CCTouchHandler.h">
      <Filter>include</Filter>
    </ClInclude>
    <ClInclude Include="..\include\ccTypes.h">
      <Filter>include</Filter>
    </ClInclude>
    <ClInclude Include="..\include\CCZone.h">
      <Filter>include</Filter>
    </ClInclude>
    <ClInclude Include="..\include\cocos2d.h">
      <Filter>include</Filter>
    </ClInclude>
    <ClInclude Include="..\include\TransformUtils.h">
      <Filter>include</Filter>
    </ClInclude>
    <ClInclude Include="..\platform\CCFileUtils.h">
      <Filter>platform</Filter>
    </ClInclude>
    <ClInclude Include="..\platform\CCGL.h">
      <Filter>platform</Filter>
    </ClInclude>
    <ClInclude Include="..\platform\CCImage.h">
      <Filter>platform</Filter>
    </ClInclude>
    <ClInclude Include="..\platform\CCPlatformConfig.h">
      <Filter>platform</Filter>
    </ClInclude>
    <ClInclude Include="..\platform\CCStdC.h">
      <Filter>platform</Filter>
    </ClInclude>
    <ClInclude Include="..\platform\win32\CCApplication.h">
      <Filter>platform\win32</Filter>
    </ClInclude>
    <ClInclude Include="..\platform\win32\CCEGLView.h">
      <Filter>platform\win32</Filter>
    </ClInclude>
  </ItemGroup>
  <ItemGroup>
    <Filter Include="include">
      <UniqueIdentifier>{dd2502ed-cdc7-4c7a-808a-502804288f16}</UniqueIdentifier>
    </Filter>
    <Filter Include="cocoa">
      <UniqueIdentifier>{cc0df4d6-0cfd-4b89-8903-ee09d9566b0b}</UniqueIdentifier>
    </Filter>
    <Filter Include="base_nodes">
      <UniqueIdentifier>{4221fbd7-43c9-4e68-a733-aa478d8c50f2}</UniqueIdentifier>
    </Filter>
    <Filter Include="layers_scenes_transitions_nodes">
      <UniqueIdentifier>{100806d6-4e76-4438-8762-48cdfcadb6d1}</UniqueIdentifier>
    </Filter>
    <Filter Include="sprite_nodes">
      <UniqueIdentifier>{34915f6b-ad4f-4c0c-a036-8b93c68cfb65}</UniqueIdentifier>
    </Filter>
    <Filter Include="support">
      <UniqueIdentifier>{cb12ee69-c56c-45bd-bce2-4fa7a27fe090}</UniqueIdentifier>
    </Filter>
    <Filter Include="textures">
      <UniqueIdentifier>{07d67677-5448-4baa-919d-25f87ebcd086}</UniqueIdentifier>
    </Filter>
    <Filter Include="touch_dispatcher">
      <UniqueIdentifier>{cfb87674-36a4-4733-81b9-e709f6e0fe4e}</UniqueIdentifier>
    </Filter>
    <Filter Include="label_nodes">
      <UniqueIdentifier>{4032b4aa-ec5b-45ee-80c3-0123d36733a4}</UniqueIdentifier>
    </Filter>
    <Filter Include="menu_nodes">
      <UniqueIdentifier>{0a23c459-7878-44b3-8508-eb0b4ae98fa7}</UniqueIdentifier>
    </Filter>
    <Filter Include="platform">
      <UniqueIdentifier>{8b058390-f506-435e-b1e6-16bbb2f9c269}</UniqueIdentifier>
    </Filter>
    <Filter Include="platform\win32">
      <UniqueIdentifier>{79646c08-4496-4424-8a86-cb5057ed08ea}</UniqueIdentifier>
    </Filter>
  </ItemGroup>
</Project>