<?xml version="1.0" encoding="utf-8"?>
<Project ToolsVersion="4.0" xmlns="http://schemas.microsoft.com/developer/msbuild/2003">
  <ItemGroup>
    <Filter Include="win32">
      <UniqueIdentifier>{0f5decb4-3bd3-466e-a983-d008d709f07f}</UniqueIdentifier>
    </Filter>
    <Filter Include="tests">
      <UniqueIdentifier>{4ef355a6-ab15-4eaf-9ab2-172ba4fe2b29}</UniqueIdentifier>
    </Filter>
    <Filter Include="tests\LabelTest">
      <UniqueIdentifier>{2e7621bc-dfe6-404d-9493-b993bb2db1ca}</UniqueIdentifier>
    </Filter>
    <Filter Include="tests\OpenGLTest">
      <UniqueIdentifier>{d39a12da-7418-4ac1-ab88-ebbdd464e3f4}</UniqueIdentifier>
    </Filter>
    <Filter Include="tests\SpriteTest">
      <UniqueIdentifier>{034040e7-68f6-4164-ab7a-b886122a1728}</UniqueIdentifier>
    </Filter>
  </ItemGroup>
  <ItemGroup>
    <ClCompile Include="win32\main.cpp">
      <Filter>win32</Filter>
    </ClCompile>
    <ClCompile Include="tests\AppDelegate.cpp">
      <Filter>tests</Filter>
    </ClCompile>
    <ClCompile Include="tests\TestControllerScene.cpp">
      <Filter>tests</Filter>
    </ClCompile>
    <ClCompile Include="tests\LabelTest\LabelTest.cpp">
      <Filter>tests\LabelTest</Filter>
    </ClCompile>
    <ClCompile Include="tests\OpenGLTest\OpenGLTest.cpp">
      <Filter>tests\OpenGLTest</Filter>
    </ClCompile>
    <ClCompile Include="tests\SpriteTest\SpriteTest.cpp">
      <Filter>tests\SpriteTest</Filter>
    </ClCompile>
    <ClCompile Include="tests\TestBasicScene.cpp">
      <Filter>tests</Filter>
    </ClCompile>
  </ItemGroup>
  <ItemGroup>
    <ClInclude Include="win32\main.h">
      <Filter>win32</Filter>
    </ClInclude>
    <ClInclude Include="tests\AppDelegate.h">
      <Filter>tests</Filter>
    </ClInclude>
    <ClInclude Include="tests\TestControllerScene.h">
      <Filter>tests</Filter>
    </ClInclude>
    <ClInclude Include="tests\LabelTest\LabelTest.h">
      <Filter>tests\LabelTest</Filter>
    </ClInclude>
    <ClInclude Include="tests\OpenGLTest\OpenGLTest.h">
      <Filter>tests\OpenGLTest</Filter>
    </ClInclude>
    <ClInclude Include="tests\SpriteTest\SpriteTest.h">
      <Filter>tests\SpriteTest</Filter>
    </ClInclude>
    <ClInclude Include="tests\TestBasicScene.h">
      <Filter>tests</Filter>
    </ClInclude>
    <ClInclude Include="tests\TestDefinition.h">
      <Filter>tests</Filter>
    </ClInclude>
  </ItemGroup>
</Project>