<?xml version="1.0" encoding="utf-8"?>
<Project ToolsVersion="4.0" xmlns="http://schemas.microsoft.com/developer/msbuild/2003">
  <ItemGroup>
    <Filter Include="tests">
      <UniqueIdentifier>{915cb3e6-d774-4932-848c-ce48ba98a6ab}</UniqueIdentifier>
    </Filter>
    <Filter Include="win32">
      <UniqueIdentifier>{c3208a3a-fe72-447f-96f9-8f78f30e70ee}</UniqueIdentifier>
    </Filter>
    <Filter Include="tests\LabelTest">
      <UniqueIdentifier>{2d5a13eb-29fa-4768-abc2-acef313aa44c}</UniqueIdentifier>
    </Filter>
    <Filter Include="tests\OpenGLTest">
      <UniqueIdentifier>{3c72133d-13c9-4163-8c20-087d7b766567}</UniqueIdentifier>
    </Filter>
    <Filter Include="tests\SpriteTest">
      <UniqueIdentifier>{461c77a0-cdfd-4439-b724-9c0b822e348e}</UniqueIdentifier>
    </Filter>
  </ItemGroup>
  <ItemGroup>
    <ClCompile Include="main.cpp">
      <Filter>win32</Filter>
    </ClCompile>
    <ClCompile Include="..\tests\AppDelegate.cpp">
      <Filter>tests</Filter>
    </ClCompile>
    <ClCompile Include="..\tests\TestBasicScene.cpp">
      <Filter>tests</Filter>
    </ClCompile>
    <ClCompile Include="..\tests\TestControllerScene.cpp">
      <Filter>tests</Filter>
    </ClCompile>
    <ClCompile Include="..\tests\SpriteTest\SpriteTest.cpp">
      <Filter>tests\SpriteTest</Filter>
    </ClCompile>
    <ClCompile Include="..\tests\OpenGLTest\OpenGLTest.cpp">
      <Filter>tests\OpenGLTest</Filter>
    </ClCompile>
    <ClCompile Include="..\tests\LabelTest\LabelTest.cpp">
      <Filter>tests\LabelTest</Filter>
    </ClCompile>
  </ItemGroup>
  <ItemGroup>
    <ClInclude Include="main.h">
      <Filter>win32</Filter>
    </ClInclude>
    <ClInclude Include="..\tests\AppDelegate.h">
      <Filter>tests</Filter>
    </ClInclude>
    <ClInclude Include="..\tests\TestBasicScene.h">
      <Filter>tests</Filter>
    </ClInclude>
    <ClInclude Include="..\tests\TestControllerScene.h">
      <Filter>tests</Filter>
    </ClInclude>
    <ClInclude Include="..\tests\TestDefinition.h">
      <Filter>tests</Filter>
    </ClInclude>
    <ClInclude Include="..\tests\SpriteTest\SpriteTest.h">
      <Filter>tests\SpriteTest</Filter>
    </ClInclude>
    <ClInclude Include="..\tests\OpenGLTest\OpenGLTest.h">
      <Filter>tests\OpenGLTest</Filter>
    </ClInclude>
    <ClInclude Include="..\tests\LabelTest\LabelTest.h">
      <Filter>tests\LabelTest</Filter>
    </ClInclude>
  </ItemGroup>
</Project>